
Microsoft Visual Studio Solution File, Format Version 12.00
# Visual Studio Version 16
VisualStudioVersion = 16.0.29519.87
MinimumVisualStudioVersion = 10.0.40219.1
Project("{FAE04EC0-301F-11D3-BF4B-00C04F79EFBC}") = "Calendar", "Calendar\Calendar.csproj", "{DED76FAF-1E7B-4902-B518-3C2266BC6621}"
EndProject
Global
	GlobalSection(SolutionConfigurationPlatforms) = preSolution
		Debug|Any CPU = Debug|Any CPU
		Release|Any CPU = Release|Any CPU
	EndGlobalSection
	GlobalSection(ProjectConfigurationPlatforms) = postSolution
		{DED76FAF-1E7B-4902-B518-3C2266BC6621}.Debug|Any CPU.ActiveCfg = Debug|Any CPU
		{DED76FAF-1E7B-4902-B518-3C2266BC6621}.Debug|Any CPU.Build.0 = Debug|Any CPU
		{DED76FAF-1E7B-4902-B518-3C2266BC6621}.Release|Any CPU.ActiveCfg = Release|Any CPU
		{DED76FAF-1E7B-4902-B518-3C2266BC6621}.Release|Any CPU.Build.0 = Release|Any CPU
	EndGlobalSection
	GlobalSection(SolutionProperties) = preSolution
		HideSolutionNode = FALSE
	EndGlobalSection
	GlobalSection(ExtensibilityGlobals) = postSolution
		SolutionGuid = {AE8FCAC2-5FA3-40B8-8415-7B1F1AFBEEE2}
	EndGlobalSection
EndGlobal
