
Microsoft Visual Studio Solution File, Format Version 12.00
# Visual Studio Version 16
VisualStudioVersion = 16.0.29519.87
MinimumVisualStudioVersion = 10.0.40219.1
Project("{FAE04EC0-301F-11D3-BF4B-00C04F79EFBC}") = "WindowsFormsApp1", "WindowsFormsApp1\WindowsFormsApp1.csproj", "{C81F66AE-B77D-4A3D-B141-4A8E99A64787}"
EndProject
Global
	GlobalSection(SolutionConfigurationPlatforms) = preSolution
		Debug|Any CPU = Debug|Any CPU
		Release|Any CPU = Release|Any CPU
	EndGlobalSection
	GlobalSection(ProjectConfigurationPlatforms) = postSolution
		{C81F66AE-B77D-4A3D-B141-4A8E99A64787}.Debug|Any CPU.ActiveCfg = Debug|Any CPU
		{C81F66AE-B77D-4A3D-B141-4A8E99A64787}.Debug|Any CPU.Build.0 = Debug|Any CPU
		{C81F66AE-B77D-4A3D-B141-4A8E99A64787}.Release|Any CPU.ActiveCfg = Release|Any CPU
		{C81F66AE-B77D-4A3D-B141-4A8E99A64787}.Release|Any CPU.Build.0 = Release|Any CPU
	EndGlobalSection
	GlobalSection(SolutionProperties) = preSolution
		HideSolutionNode = FALSE
	EndGlobalSection
	GlobalSection(ExtensibilityGlobals) = postSolution
		SolutionGuid = {97807A6E-354E-4EC0-9E45-31FFEAC621CC}
	EndGlobalSection
EndGlobal
